// !$*UTF8*$!
{
	archiveVersion = 1;
	classes = {
	};
	objectVersion = 50;
	objects = {

/* Begin PBXBuildFile section */
		A9A8DD252232D93A00F07646 /* AppDelegate.swift in Sources */ = {isa = PBXBuildFile; fileRef = A9A8DD242232D93A00F07646 /* AppDelegate.swift */; };
		A9A8DD2A2232D93A00F07646 /* Main.storyboard in Resources */ = {isa = PBXBuildFile; fileRef = A9A8DD282232D93A00F07646 /* Main.storyboard */; };
		A9A8DD2D2232D93A00F07646 /* Money_Machine.xcdatamodeld in Sources */ = {isa = PBXBuildFile; fileRef = A9A8DD2B2232D93A00F07646 /* Money_Machine.xcdatamodeld */; };
		A9A8DD2F2232D93D00F07646 /* Assets.xcassets in Resources */ = {isa = PBXBuildFile; fileRef = A9A8DD2E2232D93D00F07646 /* Assets.xcassets */; };
		A9A8DD322232D93D00F07646 /* LaunchScreen.storyboard in Resources */ = {isa = PBXBuildFile; fileRef = A9A8DD302232D93D00F07646 /* LaunchScreen.storyboard */; };
		A9A8DD3D2232D93D00F07646 /* Money_MachineTests.swift in Sources */ = {isa = PBXBuildFile; fileRef = A9A8DD3C2232D93D00F07646 /* Money_MachineTests.swift */; };
		A9A8DD492232DF5500F07646 /* LoadingViewController.swift in Sources */ = {isa = PBXBuildFile; fileRef = A9A8DD482232DF5500F07646 /* LoadingViewController.swift */; };
		A9A8DD4B2232DF7800F07646 /* Constants.swift in Sources */ = {isa = PBXBuildFile; fileRef = A9A8DD4A2232DF7800F07646 /* Constants.swift */; };
		A9A8DD4D2232DF8600F07646 /* Structs.swift in Sources */ = {isa = PBXBuildFile; fileRef = A9A8DD4C2232DF8600F07646 /* Structs.swift */; };
		A9A8DD4F2232E27A00F07646 /* DataObjects.swift in Sources */ = {isa = PBXBuildFile; fileRef = A9A8DD4E2232E27A00F07646 /* DataObjects.swift */; };
		A9A8DD512233F1D800F07646 /* LandingViewController.swift in Sources */ = {isa = PBXBuildFile; fileRef = A9A8DD502233F1D800F07646 /* LandingViewController.swift */; };
		A9A8DD5422341A6C00F07646 /* RoundShadowView.swift in Sources */ = {isa = PBXBuildFile; fileRef = A9A8DD5322341A6C00F07646 /* RoundShadowView.swift */; };
		A9A8DD562234208200F07646 /* AddingSavingSpendingViewController.swift in Sources */ = {isa = PBXBuildFile; fileRef = A9A8DD552234208200F07646 /* AddingSavingSpendingViewController.swift */; };
		A9A8DD582234208E00F07646 /* ReportingViewController.swift in Sources */ = {isa = PBXBuildFile; fileRef = A9A8DD572234208E00F07646 /* ReportingViewController.swift */; };
		A9A8DD5A22344B5600F07646 /* MoneyMachineViewController.swift in Sources */ = {isa = PBXBuildFile; fileRef = A9A8DD5922344B5600F07646 /* MoneyMachineViewController.swift */; };
/* End PBXBuildFile section */

/* Begin PBXContainerItemProxy section */
		A9A8DD392232D93D00F07646 /* PBXContainerItemProxy */ = {
			isa = PBXContainerItemProxy;
			containerPortal = A9A8DD192232D93A00F07646 /* Project object */;
			proxyType = 1;
			remoteGlobalIDString = A9A8DD202232D93A00F07646;
			remoteInfo = "Money Machine";
		};
/* End PBXContainerItemProxy section */

/* Begin PBXFileReference section */
		A9A8DD212232D93A00F07646 /* Money Machine.app */ = {isa = PBXFileReference; explicitFileType = wrapper.application; includeInIndex = 0; path = "Money Machine.app"; sourceTree = BUILT_PRODUCTS_DIR; };
		A9A8DD242232D93A00F07646 /* AppDelegate.swift */ = {isa = PBXFileReference; lastKnownFileType = sourcecode.swift; path = AppDelegate.swift; sourceTree = "<group>"; };
		A9A8DD292232D93A00F07646 /* Base */ = {isa = PBXFileReference; lastKnownFileType = file.storyboard; name = Base; path = Base.lproj/Main.storyboard; sourceTree = "<group>"; };
		A9A8DD2C2232D93A00F07646 /* Money_Machine.xcdatamodel */ = {isa = PBXFileReference; lastKnownFileType = wrapper.xcdatamodel; path = Money_Machine.xcdatamodel; sourceTree = "<group>"; };
		A9A8DD2E2232D93D00F07646 /* Assets.xcassets */ = {isa = PBXFileReference; lastKnownFileType = folder.assetcatalog; path = Assets.xcassets; sourceTree = "<group>"; };
		A9A8DD312232D93D00F07646 /* Base */ = {isa = PBXFileReference; lastKnownFileType = file.storyboard; name = Base; path = Base.lproj/LaunchScreen.storyboard; sourceTree = "<group>"; };
		A9A8DD332232D93D00F07646 /* Info.plist */ = {isa = PBXFileReference; lastKnownFileType = text.plist.xml; path = Info.plist; sourceTree = "<group>"; };
		A9A8DD382232D93D00F07646 /* Money MachineTests.xctest */ = {isa = PBXFileReference; explicitFileType = wrapper.cfbundle; includeInIndex = 0; path = "Money MachineTests.xctest"; sourceTree = BUILT_PRODUCTS_DIR; };
		A9A8DD3C2232D93D00F07646 /* Money_MachineTests.swift */ = {isa = PBXFileReference; lastKnownFileType = sourcecode.swift; path = Money_MachineTests.swift; sourceTree = "<group>"; };
		A9A8DD3E2232D93D00F07646 /* Info.plist */ = {isa = PBXFileReference; lastKnownFileType = text.plist.xml; path = Info.plist; sourceTree = "<group>"; };
		A9A8DD482232DF5500F07646 /* LoadingViewController.swift */ = {isa = PBXFileReference; lastKnownFileType = sourcecode.swift; path = LoadingViewController.swift; sourceTree = "<group>"; };
		A9A8DD4A2232DF7800F07646 /* Constants.swift */ = {isa = PBXFileReference; lastKnownFileType = sourcecode.swift; path = Constants.swift; sourceTree = "<group>"; };
		A9A8DD4C2232DF8600F07646 /* Structs.swift */ = {isa = PBXFileReference; lastKnownFileType = sourcecode.swift; path = Structs.swift; sourceTree = "<group>"; };
		A9A8DD4E2232E27A00F07646 /* DataObjects.swift */ = {isa = PBXFileReference; lastKnownFileType = sourcecode.swift; path = DataObjects.swift; sourceTree = "<group>"; };
		A9A8DD502233F1D800F07646 /* LandingViewController.swift */ = {isa = PBXFileReference; lastKnownFileType = sourcecode.swift; path = LandingViewController.swift; sourceTree = "<group>"; };
		A9A8DD5322341A6C00F07646 /* RoundShadowView.swift */ = {isa = PBXFileReference; lastKnownFileType = sourcecode.swift; path = RoundShadowView.swift; sourceTree = "<group>"; };
		A9A8DD552234208200F07646 /* AddingSavingSpendingViewController.swift */ = {isa = PBXFileReference; lastKnownFileType = sourcecode.swift; path = AddingSavingSpendingViewController.swift; sourceTree = "<group>"; };
		A9A8DD572234208E00F07646 /* ReportingViewController.swift */ = {isa = PBXFileReference; lastKnownFileType = sourcecode.swift; path = ReportingViewController.swift; sourceTree = "<group>"; };
		A9A8DD5922344B5600F07646 /* MoneyMachineViewController.swift */ = {isa = PBXFileReference; lastKnownFileType = sourcecode.swift; path = MoneyMachineViewController.swift; sourceTree = "<group>"; };
/* End PBXFileReference section */

/* Begin PBXFrameworksBuildPhase section */
		A9A8DD1E2232D93A00F07646 /* Frameworks */ = {
			isa = PBXFrameworksBuildPhase;
			buildActionMask = 2147483647;
			files = (
			);
			runOnlyForDeploymentPostprocessing = 0;
		};
		A9A8DD352232D93D00F07646 /* Frameworks */ = {
			isa = PBXFrameworksBuildPhase;
			buildActionMask = 2147483647;
			files = (
			);
			runOnlyForDeploymentPostprocessing = 0;
		};
/* End PBXFrameworksBuildPhase section */

/* Begin PBXGroup section */
		A9A8DD182232D93A00F07646 = {
			isa = PBXGroup;
			children = (
				A9A8DD232232D93A00F07646 /* Money Machine */,
				A9A8DD3B2232D93D00F07646 /* Money MachineTests */,
				A9A8DD222232D93A00F07646 /* Products */,
			);
			sourceTree = "<group>";
		};
		A9A8DD222232D93A00F07646 /* Products */ = {
			isa = PBXGroup;
			children = (
				A9A8DD212232D93A00F07646 /* Money Machine.app */,
				A9A8DD382232D93D00F07646 /* Money MachineTests.xctest */,
			);
			name = Products;
			sourceTree = "<group>";
		};
		A9A8DD232232D93A00F07646 /* Money Machine */ = {
			isa = PBXGroup;
			children = (
				A9A8DD242232D93A00F07646 /* AppDelegate.swift */,
				A9A8DD5222341A2800F07646 /* ViewControllers */,
				A9A8DD472232DF3500F07646 /* Utilities */,
				A9A8DD282232D93A00F07646 /* Main.storyboard */,
				A9A8DD2E2232D93D00F07646 /* Assets.xcassets */,
				A9A8DD302232D93D00F07646 /* LaunchScreen.storyboard */,
				A9A8DD332232D93D00F07646 /* Info.plist */,
				A9A8DD2B2232D93A00F07646 /* Money_Machine.xcdatamodeld */,
			);
			path = "Money Machine";
			sourceTree = "<group>";
		};
		A9A8DD3B2232D93D00F07646 /* Money MachineTests */ = {
			isa = PBXGroup;
			children = (
				A9A8DD3C2232D93D00F07646 /* Money_MachineTests.swift */,
				A9A8DD3E2232D93D00F07646 /* Info.plist */,
			);
			path = "Money MachineTests";
			sourceTree = "<group>";
		};
		A9A8DD472232DF3500F07646 /* Utilities */ = {
			isa = PBXGroup;
			children = (
				A9A8DD4E2232E27A00F07646 /* DataObjects.swift */,
				A9A8DD4A2232DF7800F07646 /* Constants.swift */,
				A9A8DD4C2232DF8600F07646 /* Structs.swift */,
				A9A8DD5322341A6C00F07646 /* RoundShadowView.swift */,
				A9A8DD5922344B5600F07646 /* MoneyMachineViewController.swift */,
			);
			path = Utilities;
			sourceTree = "<group>";
		};
		A9A8DD5222341A2800F07646 /* ViewControllers */ = {
			isa = PBXGroup;
			children = (
				A9A8DD482232DF5500F07646 /* LoadingViewController.swift */,
				A9A8DD502233F1D800F07646 /* LandingViewController.swift */,
				A9A8DD552234208200F07646 /* AddingSavingSpendingViewController.swift */,
				A9A8DD572234208E00F07646 /* ReportingViewController.swift */,
			);
			path = ViewControllers;
			sourceTree = "<group>";
		};
/* End PBXGroup section */

/* Begin PBXNativeTarget section */
		A9A8DD202232D93A00F07646 /* Money Machine */ = {
			isa = PBXNativeTarget;
			buildConfigurationList = A9A8DD412232D93D00F07646 /* Build configuration list for PBXNativeTarget "Money Machine" */;
			buildPhases = (
				A9A8DD1D2232D93A00F07646 /* Sources */,
				A9A8DD1E2232D93A00F07646 /* Frameworks */,
				A9A8DD1F2232D93A00F07646 /* Resources */,
			);
			buildRules = (
			);
			dependencies = (
			);
			name = "Money Machine";
			productName = "Money Machine";
			productReference = A9A8DD212232D93A00F07646 /* Money Machine.app */;
			productType = "com.apple.product-type.application";
		};
		A9A8DD372232D93D00F07646 /* Money MachineTests */ = {
			isa = PBXNativeTarget;
			buildConfigurationList = A9A8DD442232D93D00F07646 /* Build configuration list for PBXNativeTarget "Money MachineTests" */;
			buildPhases = (
				A9A8DD342232D93D00F07646 /* Sources */,
				A9A8DD352232D93D00F07646 /* Frameworks */,
				A9A8DD362232D93D00F07646 /* Resources */,
			);
			buildRules = (
			);
			dependencies = (
				A9A8DD3A2232D93D00F07646 /* PBXTargetDependency */,
			);
			name = "Money MachineTests";
			productName = "Money MachineTests";
			productReference = A9A8DD382232D93D00F07646 /* Money MachineTests.xctest */;
			productType = "com.apple.product-type.bundle.unit-test";
		};
/* End PBXNativeTarget section */

/* Begin PBXProject section */
		A9A8DD192232D93A00F07646 /* Project object */ = {
			isa = PBXProject;
			attributes = {
				LastSwiftUpdateCheck = 1010;
				LastUpgradeCheck = 1010;
				ORGANIZATIONNAME = "ryan kowalski";
				TargetAttributes = {
					A9A8DD202232D93A00F07646 = {
						CreatedOnToolsVersion = 10.1;
					};
					A9A8DD372232D93D00F07646 = {
						CreatedOnToolsVersion = 10.1;
						TestTargetID = A9A8DD202232D93A00F07646;
					};
				};
			};
			buildConfigurationList = A9A8DD1C2232D93A00F07646 /* Build configuration list for PBXProject "Money Machine" */;
			compatibilityVersion = "Xcode 9.3";
			developmentRegion = en;
			hasScannedForEncodings = 0;
			knownRegions = (
				en,
				Base,
			);
			mainGroup = A9A8DD182232D93A00F07646;
			productRefGroup = A9A8DD222232D93A00F07646 /* Products */;
			projectDirPath = "";
			projectRoot = "";
			targets = (
				A9A8DD202232D93A00F07646 /* Money Machine */,
				A9A8DD372232D93D00F07646 /* Money MachineTests */,
			);
		};
/* End PBXProject section */

/* Begin PBXResourcesBuildPhase section */
		A9A8DD1F2232D93A00F07646 /* Resources */ = {
			isa = PBXResourcesBuildPhase;
			buildActionMask = 2147483647;
			files = (
				A9A8DD322232D93D00F07646 /* LaunchScreen.storyboard in Resources */,
				A9A8DD2F2232D93D00F07646 /* Assets.xcassets in Resources */,
				A9A8DD2A2232D93A00F07646 /* Main.storyboard in Resources */,
			);
			runOnlyForDeploymentPostprocessing = 0;
		};
		A9A8DD362232D93D00F07646 /* Resources */ = {
			isa = PBXResourcesBuildPhase;
			buildActionMask = 2147483647;
			files = (
			);
			runOnlyForDeploymentPostprocessing = 0;
		};
/* End PBXResourcesBuildPhase section */

/* Begin PBXSourcesBuildPhase section */
		A9A8DD1D2232D93A00F07646 /* Sources */ = {
			isa = PBXSourcesBuildPhase;
			buildActionMask = 2147483647;
			files = (
				A9A8DD2D2232D93A00F07646 /* Money_Machine.xcdatamodeld in Sources */,
				A9A8DD5422341A6C00F07646 /* RoundShadowView.swift in Sources */,
				A9A8DD512233F1D800F07646 /* LandingViewController.swift in Sources */,
				A9A8DD252232D93A00F07646 /* AppDelegate.swift in Sources */,
				A9A8DD4F2232E27A00F07646 /* DataObjects.swift in Sources */,
				A9A8DD562234208200F07646 /* AddingSavingSpendingViewController.swift in Sources */,
				A9A8DD5A22344B5600F07646 /* MoneyMachineViewController.swift in Sources */,
				A9A8DD4D2232DF8600F07646 /* Structs.swift in Sources */,
				A9A8DD492232DF5500F07646 /* LoadingViewController.swift in Sources */,
				A9A8DD4B2232DF7800F07646 /* Constants.swift in Sources */,
				A9A8DD582234208E00F07646 /* ReportingViewController.swift in Sources */,
			);
			runOnlyForDeploymentPostprocessing = 0;
		};
		A9A8DD342232D93D00F07646 /* Sources */ = {
			isa = PBXSourcesBuildPhase;
			buildActionMask = 2147483647;
			files = (
				A9A8DD3D2232D93D00F07646 /* Money_MachineTests.swift in Sources */,
			);
			runOnlyForDeploymentPostprocessing = 0;
		};
/* End PBXSourcesBuildPhase section */

/* Begin PBXTargetDependency section */
		A9A8DD3A2232D93D00F07646 /* PBXTargetDependency */ = {
			isa = PBXTargetDependency;
			target = A9A8DD202232D93A00F07646 /* Money Machine */;
			targetProxy = A9A8DD392232D93D00F07646 /* PBXContainerItemProxy */;
		};
/* End PBXTargetDependency section */

/* Begin PBXVariantGroup section */
		A9A8DD282232D93A00F07646 /* Main.storyboard */ = {
			isa = PBXVariantGroup;
			children = (
				A9A8DD292232D93A00F07646 /* Base */,
			);
			name = Main.storyboard;
			sourceTree = "<group>";
		};
		A9A8DD302232D93D00F07646 /* LaunchScreen.storyboard */ = {
			isa = PBXVariantGroup;
			children = (
				A9A8DD312232D93D00F07646 /* Base */,
			);
			name = LaunchScreen.storyboard;
			sourceTree = "<group>";
		};
/* End PBXVariantGroup section */

/* Begin XCBuildConfiguration section */
		A9A8DD3F2232D93D00F07646 /* Debug */ = {
			isa = XCBuildConfiguration;
			buildSettings = {
				ALWAYS_SEARCH_USER_PATHS = NO;
				CLANG_ANALYZER_NONNULL = YES;
				CLANG_ANALYZER_NUMBER_OBJECT_CONVERSION = YES_AGGRESSIVE;
				CLANG_CXX_LANGUAGE_STANDARD = "gnu++14";
				CLANG_CXX_LIBRARY = "libc++";
				CLANG_ENABLE_MODULES = YES;
				CLANG_ENABLE_OBJC_ARC = YES;
				CLANG_ENABLE_OBJC_WEAK = YES;
				CLANG_WARN_BLOCK_CAPTURE_AUTORELEASING = YES;
				CLANG_WARN_BOOL_CONVERSION = YES;
				CLANG_WARN_COMMA = YES;
				CLANG_WARN_CONSTANT_CONVERSION = YES;
				CLANG_WARN_DEPRECATED_OBJC_IMPLEMENTATIONS = YES;
				CLANG_WARN_DIRECT_OBJC_ISA_USAGE = YES_ERROR;
				CLANG_WARN_DOCUMENTATION_COMMENTS = YES;
				CLANG_WARN_EMPTY_BODY = YES;
				CLANG_WARN_ENUM_CONVERSION = YES;
				CLANG_WARN_INFINITE_RECURSION = YES;
				CLANG_WARN_INT_CONVERSION = YES;
				CLANG_WARN_NON_LITERAL_NULL_CONVERSION = YES;
				CLANG_WARN_OBJC_IMPLICIT_RETAIN_SELF = YES;
				CLANG_WARN_OBJC_LITERAL_CONVERSION = YES;
				CLANG_WARN_OBJC_ROOT_CLASS = YES_ERROR;
				CLANG_WARN_RANGE_LOOP_ANALYSIS = YES;
				CLANG_WARN_STRICT_PROTOTYPES = YES;
				CLANG_WARN_SUSPICIOUS_MOVE = YES;
				CLANG_WARN_UNGUARDED_AVAILABILITY = YES_AGGRESSIVE;
				CLANG_WARN_UNREACHABLE_CODE = YES;
				CLANG_WARN__DUPLICATE_METHOD_MATCH = YES;
				CODE_SIGN_IDENTITY = "iPhone Developer";
				COPY_PHASE_STRIP = NO;
				DEBUG_INFORMATION_FORMAT = dwarf;
				ENABLE_STRICT_OBJC_MSGSEND = YES;
				ENABLE_TESTABILITY = YES;
				GCC_C_LANGUAGE_STANDARD = gnu11;
				GCC_DYNAMIC_NO_PIC = NO;
				GCC_NO_COMMON_BLOCKS = YES;
				GCC_OPTIMIZATION_LEVEL = 0;
				GCC_PREPROCESSOR_DEFINITIONS = (
					"DEBUG=1",
					"$(inherited)",
				);
				GCC_WARN_64_TO_32_BIT_CONVERSION = YES;
				GCC_WARN_ABOUT_RETURN_TYPE = YES_ERROR;
				GCC_WARN_UNDECLARED_SELECTOR = YES;
				GCC_WARN_UNINITIALIZED_AUTOS = YES_AGGRESSIVE;
				GCC_WARN_UNUSED_FUNCTION = YES;
				GCC_WARN_UNUSED_VARIABLE = YES;
				IPHONEOS_DEPLOYMENT_TARGET = 12.1;
				MTL_ENABLE_DEBUG_INFO = INCLUDE_SOURCE;
				MTL_FAST_MATH = YES;
				ONLY_ACTIVE_ARCH = YES;
				SDKROOT = iphoneos;
				SWIFT_ACTIVE_COMPILATION_CONDITIONS = DEBUG;
				SWIFT_OPTIMIZATION_LEVEL = "-Onone";
			};
			name = Debug;
		};
		A9A8DD402232D93D00F07646 /* Release */ = {
			isa = XCBuildConfiguration;
			buildSettings = {
				ALWAYS_SEARCH_USER_PATHS = NO;
				CLANG_ANALYZER_NONNULL = YES;
				CLANG_ANALYZER_NUMBER_OBJECT_CONVERSION = YES_AGGRESSIVE;
				CLANG_CXX_LANGUAGE_STANDARD = "gnu++14";
				CLANG_CXX_LIBRARY = "libc++";
				CLANG_ENABLE_MODULES = YES;
				CLANG_ENABLE_OBJC_ARC = YES;
				CLANG_ENABLE_OBJC_WEAK = YES;
				CLANG_WARN_BLOCK_CAPTURE_AUTORELEASING = YES;
				CLANG_WARN_BOOL_CONVERSION = YES;
				CLANG_WARN_COMMA = YES;
				CLANG_WARN_CONSTANT_CONVERSION = YES;
				CLANG_WARN_DEPRECATED_OBJC_IMPLEMENTATIONS = YES;
				CLANG_WARN_DIRECT_OBJC_ISA_USAGE = YES_ERROR;
				CLANG_WARN_DOCUMENTATION_COMMENTS = YES;
				CLANG_WARN_EMPTY_BODY = YES;
				CLANG_WARN_ENUM_CONVERSION = YES;
				CLANG_WARN_INFINITE_RECURSION = YES;
				CLANG_WARN_INT_CONVERSION = YES;
				CLANG_WARN_NON_LITERAL_NULL_CONVERSION = YES;
				CLANG_WARN_OBJC_IMPLICIT_RETAIN_SELF = YES;
				CLANG_WARN_OBJC_LITERAL_CONVERSION = YES;
				CLANG_WARN_OBJC_ROOT_CLASS = YES_ERROR;
				CLANG_WARN_RANGE_LOOP_ANALYSIS = YES;
				CLANG_WARN_STRICT_PROTOTYPES = YES;
				CLANG_WARN_SUSPICIOUS_MOVE = YES;
				CLANG_WARN_UNGUARDED_AVAILABILITY = YES_AGGRESSIVE;
				CLANG_WARN_UNREACHABLE_CODE = YES;
				CLANG_WARN__DUPLICATE_METHOD_MATCH = YES;
				CODE_SIGN_IDENTITY = "iPhone Developer";
				COPY_PHASE_STRIP = NO;
				DEBUG_INFORMATION_FORMAT = "dwarf-with-dsym";
				ENABLE_NS_ASSERTIONS = NO;
				ENABLE_STRICT_OBJC_MSGSEND = YES;
				GCC_C_LANGUAGE_STANDARD = gnu11;
				GCC_NO_COMMON_BLOCKS = YES;
				GCC_WARN_64_TO_32_BIT_CONVERSION = YES;
				GCC_WARN_ABOUT_RETURN_TYPE = YES_ERROR;
				GCC_WARN_UNDECLARED_SELECTOR = YES;
				GCC_WARN_UNINITIALIZED_AUTOS = YES_AGGRESSIVE;
				GCC_WARN_UNUSED_FUNCTION = YES;
				GCC_WARN_UNUSED_VARIABLE = YES;
				IPHONEOS_DEPLOYMENT_TARGET = 12.1;
				MTL_ENABLE_DEBUG_INFO = NO;
				MTL_FAST_MATH = YES;
				SDKROOT = iphoneos;
				SWIFT_COMPILATION_MODE = wholemodule;
				SWIFT_OPTIMIZATION_LEVEL = "-O";
				VALIDATE_PRODUCT = YES;
			};
			name = Release;
		};
		A9A8DD422232D93D00F07646 /* Debug */ = {
			isa = XCBuildConfiguration;
			buildSettings = {
				ASSETCATALOG_COMPILER_APPICON_NAME = AppIcon;
				CODE_SIGN_STYLE = Automatic;
				DEVELOPMENT_TEAM = QEX5FV675B;
				INFOPLIST_FILE = "Money Machine/Info.plist";
				LD_RUNPATH_SEARCH_PATHS = (
					"$(inherited)",
					"@executable_path/Frameworks",
				);
				PRODUCT_BUNDLE_IDENTIFIER = "com.kowalski-ryan.Money-Machine";
				PRODUCT_NAME = "$(TARGET_NAME)";
				SWIFT_VERSION = 4.2;
				TARGETED_DEVICE_FAMILY = "1,2";
			};
			name = Debug;
		};
		A9A8DD432232D93D00F07646 /* Release */ = {
			isa = XCBuildConfiguration;
			buildSettings = {
				ASSETCATALOG_COMPILER_APPICON_NAME = AppIcon;
				CODE_SIGN_STYLE = Automatic;
				DEVELOPMENT_TEAM = QEX5FV675B;
				INFOPLIST_FILE = "Money Machine/Info.plist";
				LD_RUNPATH_SEARCH_PATHS = (
					"$(inherited)",
					"@executable_path/Frameworks",
				);
				PRODUCT_BUNDLE_IDENTIFIER = "com.kowalski-ryan.Money-Machine";
				PRODUCT_NAME = "$(TARGET_NAME)";
				SWIFT_VERSION = 4.2;
				TARGETED_DEVICE_FAMILY = "1,2";
			};
			name = Release;
		};
		A9A8DD452232D93D00F07646 /* Debug */ = {
			isa = XCBuildConfiguration;
			buildSettings = {
				ALWAYS_EMBED_SWIFT_STANDARD_LIBRARIES = YES;
				BUNDLE_LOADER = "$(TEST_HOST)";
				CODE_SIGN_STYLE = Automatic;
				DEVELOPMENT_TEAM = QEX5FV675B;
				INFOPLIST_FILE = "Money MachineTests/Info.plist";
				LD_RUNPATH_SEARCH_PATHS = (
					"$(inherited)",
					"@executable_path/Frameworks",
					"@loader_path/Frameworks",
				);
				PRODUCT_BUNDLE_IDENTIFIER = "com.kowalski-ryan.Money-MachineTests";
				PRODUCT_NAME = "$(TARGET_NAME)";
				SWIFT_VERSION = 4.2;
				TARGETED_DEVICE_FAMILY = "1,2";
				TEST_HOST = "$(BUILT_PRODUCTS_DIR)/Money Machine.app/Money Machine";
			};
			name = Debug;
		};
		A9A8DD462232D93D00F07646 /* Release */ = {
			isa = XCBuildConfiguration;
			buildSettings = {
				ALWAYS_EMBED_SWIFT_STANDARD_LIBRARIES = YES;
				BUNDLE_LOADER = "$(TEST_HOST)";
				CODE_SIGN_STYLE = Automatic;
				DEVELOPMENT_TEAM = QEX5FV675B;
				INFOPLIST_FILE = "Money MachineTests/Info.plist";
				LD_RUNPATH_SEARCH_PATHS = (
					"$(inherited)",
					"@executable_path/Frameworks",
					"@loader_path/Frameworks",
				);
				PRODUCT_BUNDLE_IDENTIFIER = "com.kowalski-ryan.Money-MachineTests";
				PRODUCT_NAME = "$(TARGET_NAME)";
				SWIFT_VERSION = 4.2;
				TARGETED_DEVICE_FAMILY = "1,2";
				TEST_HOST = "$(BUILT_PRODUCTS_DIR)/Money Machine.app/Money Machine";
			};
			name = Release;
		};
/* End XCBuildConfiguration section */

/* Begin XCConfigurationList section */
		A9A8DD1C2232D93A00F07646 /* Build configuration list for PBXProject "Money Machine" */ = {
			isa = XCConfigurationList;
			buildConfigurations = (
				A9A8DD3F2232D93D00F07646 /* Debug */,
				A9A8DD402232D93D00F07646 /* Release */,
			);
			defaultConfigurationIsVisible = 0;
			defaultConfigurationName = Release;
		};
		A9A8DD412232D93D00F07646 /* Build configuration list for PBXNativeTarget "Money Machine" */ = {
			isa = XCConfigurationList;
			buildConfigurations = (
				A9A8DD422232D93D00F07646 /* Debug */,
				A9A8DD432232D93D00F07646 /* Release */,
			);
			defaultConfigurationIsVisible = 0;
			defaultConfigurationName = Release;
		};
		A9A8DD442232D93D00F07646 /* Build configuration list for PBXNativeTarget "Money MachineTests" */ = {
			isa = XCConfigurationList;
			buildConfigurations = (
				A9A8DD452232D93D00F07646 /* Debug */,
				A9A8DD462232D93D00F07646 /* Release */,
			);
			defaultConfigurationIsVisible = 0;
			defaultConfigurationName = Release;
		};
/* End XCConfigurationList section */

/* Begin XCVersionGroup section */
		A9A8DD2B2232D93A00F07646 /* Money_Machine.xcdatamodeld */ = {
			isa = XCVersionGroup;
			children = (
				A9A8DD2C2232D93A00F07646 /* Money_Machine.xcdatamodel */,
			);
			currentVersion = A9A8DD2C2232D93A00F07646 /* Money_Machine.xcdatamodel */;
			path = Money_Machine.xcdatamodeld;
			sourceTree = "<group>";
			versionGroupType = wrapper.xcdatamodel;
		};
/* End XCVersionGroup section */
	};
	rootObject = A9A8DD192232D93A00F07646 /* Project object */;
}
